
Microsoft Visual Studio Solution File, Format Version 12.00
# Visual Studio Version 17
VisualStudioVersion = 17.5.33516.290
MinimumVisualStudioVersion = 10.0.40219.1
Project("{FAE04EC0-301F-11D3-BF4B-00C04F79EFBC}") = "PracticaMVC", "PracticaMVC\PracticaMVC.csproj", "{04D15E6C-6209-4B86-8E37-8022C70385D8}"
EndProject
Global
	GlobalSection(SolutionConfigurationPlatforms) = preSolution
		Debug|Any CPU = Debug|Any CPU
		Release|Any CPU = Release|Any CPU
	EndGlobalSection
	GlobalSection(ProjectConfigurationPlatforms) = postSolution
		{04D15E6C-6209-4B86-8E37-8022C70385D8}.Debug|Any CPU.ActiveCfg = Debug|Any CPU
		{04D15E6C-6209-4B86-8E37-8022C70385D8}.Debug|Any CPU.Build.0 = Debug|Any CPU
		{04D15E6C-6209-4B86-8E37-8022C70385D8}.Release|Any CPU.ActiveCfg = Release|Any CPU
		{04D15E6C-6209-4B86-8E37-8022C70385D8}.Release|Any CPU.Build.0 = Release|Any CPU
	EndGlobalSection
	GlobalSection(SolutionProperties) = preSolution
		HideSolutionNode = FALSE
	EndGlobalSection
	GlobalSection(ExtensibilityGlobals) = postSolution
		SolutionGuid = {E88BAF89-DEE9-49B8-880D-D8C3C4887E7C}
	EndGlobalSection
EndGlobal
